{
  "lockfileVersion": 1,
  "workspaces": {
    "": {
      "name": "Handlebars",
      "dependencies": {
        "typescript": "^5.0.0",
      },
      "devDependencies": {
        "@types/node": "^20.0.0",
        "@types/vscode": "^1.80.0",
      },
    },
  },
  "packages": {
    "@types/node": ["@types/node@20.19.25", "", { "dependencies": { "undici-types": "~6.21.0" } }, "sha512-ZsJzA5thDQMSQO788d7IocwwQbI8B5OPzmqNvpf3NY/+MHDAS759Wo0gd2WQeXYt5AAAQjzcrTVC6SKCuYgoCQ=="],

    "@types/vscode": ["@types/vscode@1.106.1", "", {}, "sha512-R/HV8u2h8CAddSbX8cjpdd7B8/GnE4UjgjpuGuHcbp1xV6yh4OeqU4L1pKjlwujCrSFS0MOpwJAIs/NexMB1fQ=="],

    "typescript": ["typescript@5.9.3", "", { "bin": { "tsc": "bin/tsc", "tsserver": "bin/tsserver" } }, "sha512-jl1vZzPDinLr9eUt3J/t7V6FgNEw9QjvBPdysz9KfQDD41fQrC2Y4vKQdiaUpFT4bXlb1RHhLpp8wtm6M5TgSw=="],

    "undici-types": ["undici-types@6.21.0", "", {}, "sha512-iwDZqg0QAGrg9Rav5H4n0M64c3mkR59cJ6wQp+7C4nI0gsmExaedaYLNO44eT4AtBBwjbTiGPMlt2Md0T9H9JQ=="],
  }
}
